dependencies:
- name: stakater-nordmart-review
  repository: https://nexus-helm-stakater-nexus.apps.binero-test.8sdzwd1l.kubeapp.cloud/repository/helm-charts/
  version: 0.0.796
digest: sha256:bd27f8367f71b9b351fe6864e9a5e9200a4475fe48db6b3769acf04b74495359
generated: "2022-01-25T09:34:33.213388407Z"
