dependencies:
- name: stakater-nordmart-review
  repository: https://nexus-helm-openshift-stakater-nexus.apps.binero-test.8sdzwd1l.kubeapp.cloud/repository/helm-charts/
  version: v0.0.18
digest: sha256:238bd2d3c9987302dfcab2d78fa522c0d4da2c8824c95a5354c749ee95869a17
generated: "2021-08-23T09:30:12.001414181Z"
