dependencies:
- name: stakater-nordmart-inventory
  repository: https://nexus-helm-stakater-nexus.apps.binero-test.8sdzwd1l.kubeapp.cloud/repository/helm-charts/
  version: 0.0.26
digest: sha256:16e2dff21fd458bc947fec5cceccc3878a93bdbb7aa80134abd3efcbf54ca60f
generated: "2022-01-28T11:47:30.551393643Z"
