dependencies:
- name: stakater-nordmart-inventory
  repository: https://nexus-helm-stakater-nexus.apps.binero-test.8sdzwd1l.kubeapp.cloud/repository/helm-charts/
  version: 0.0.29
digest: sha256:d9bcabe6a2cd42172d8523ed835feba33aa9e7527929710ce1c3f459c343bd36
generated: "2022-03-16T14:41:50.22064699Z"
